
Microsoft Visual Studio Solution File, Format Version 12.00
# Visual Studio Version 16
VisualStudioVersion = 16.0.30804.86
MinimumVisualStudioVersion = 10.0.40219.1
Project("{FAE04EC0-301F-11D3-BF4B-00C04F79EFBC}") = "mdt2_cheat", "mdt2_cheat.csproj", "{93147A0B-19AE-4876-92E2-D95A2A0FF966}"
EndProject
Global
	GlobalSection(SolutionConfigurationPlatforms) = preSolution
		Debug|Any CPU = Debug|Any CPU
		Release|Any CPU = Release|Any CPU
	EndGlobalSection
	GlobalSection(ProjectConfigurationPlatforms) = postSolution
		{93147A0B-19AE-4876-92E2-D95A2A0FF966}.Debug|Any CPU.ActiveCfg = Debug|Any CPU
		{93147A0B-19AE-4876-92E2-D95A2A0FF966}.Debug|Any CPU.Build.0 = Debug|Any CPU
		{93147A0B-19AE-4876-92E2-D95A2A0FF966}.Release|Any CPU.ActiveCfg = Release|Any CPU
		{93147A0B-19AE-4876-92E2-D95A2A0FF966}.Release|Any CPU.Build.0 = Release|Any CPU
	EndGlobalSection
	GlobalSection(SolutionProperties) = preSolution
		HideSolutionNode = FALSE
	EndGlobalSection
	GlobalSection(ExtensibilityGlobals) = postSolution
		SolutionGuid = {0077892B-9E32-459E-B73B-9BAF33651906}
	EndGlobalSection
EndGlobal
